
Microsoft Visual Studio Solution File, Format Version 12.00
# Visual Studio Version 16
VisualStudioVersion = 16.0.31025.194
MinimumVisualStudioVersion = 10.0.40219.1
Project("{FAE04EC0-301F-11D3-BF4B-00C04F79EFBC}") = "youty-bgdesign.io", "youty-bgdesign.io.csproj", "{1430AE6C-4275-419C-A48D-94C0D1B52E00}"
EndProject
Global
	GlobalSection(SolutionConfigurationPlatforms) = preSolution
		Debug|Any CPU = Debug|Any CPU
		Release|Any CPU = Release|Any CPU
	EndGlobalSection
	GlobalSection(ProjectConfigurationPlatforms) = postSolution
		{1430AE6C-4275-419C-A48D-94C0D1B52E00}.Debug|Any CPU.ActiveCfg = Debug|Any CPU
		{1430AE6C-4275-419C-A48D-94C0D1B52E00}.Debug|Any CPU.Build.0 = Debug|Any CPU
		{1430AE6C-4275-419C-A48D-94C0D1B52E00}.Release|Any CPU.ActiveCfg = Release|Any CPU
		{1430AE6C-4275-419C-A48D-94C0D1B52E00}.Release|Any CPU.Build.0 = Release|Any CPU
	EndGlobalSection
	GlobalSection(SolutionProperties) = preSolution
		HideSolutionNode = FALSE
	EndGlobalSection
	GlobalSection(ExtensibilityGlobals) = postSolution
		SolutionGuid = {DDBC0224-13AD-4EC6-9F33-257A487F827B}
	EndGlobalSection
EndGlobal
